
Microsoft Visual Studio Solution File, Format Version 12.00
# Visual Studio Version 17
VisualStudioVersion = 17.9.34728.123
MinimumVisualStudioVersion = 10.0.40219.1
Project("{FAE04EC0-301F-11D3-BF4B-00C04F79EFBC}") = "DrunkDeerDriver", "DrunkDeerDriver.csproj", "{480BE61A-9AC3-4556-9313-FCCE6FE3C642}"
EndProject
Global
	GlobalSection(SolutionConfigurationPlatforms) = preSolution
		Debug|Any CPU = Debug|Any CPU
		Release|Any CPU = Release|Any CPU
	EndGlobalSection
	GlobalSection(ProjectConfigurationPlatforms) = postSolution
		{480BE61A-9AC3-4556-9313-FCCE6FE3C642}.Debug|Any CPU.ActiveCfg = Debug|Any CPU
		{480BE61A-9AC3-4556-9313-FCCE6FE3C642}.Debug|Any CPU.Build.0 = Debug|Any CPU
		{480BE61A-9AC3-4556-9313-FCCE6FE3C642}.Release|Any CPU.ActiveCfg = Release|Any CPU
		{480BE61A-9AC3-4556-9313-FCCE6FE3C642}.Release|Any CPU.Build.0 = Release|Any CPU
	EndGlobalSection
	GlobalSection(SolutionProperties) = preSolution
		HideSolutionNode = FALSE
	EndGlobalSection
	GlobalSection(ExtensibilityGlobals) = postSolution
		SolutionGuid = {B10A1609-A34D-42D9-AA42-9E1E208FB353}
	EndGlobalSection
EndGlobal
